PODS:
  - SDWebImage (5.15.2):
    - SDWebImage/Core (= 5.15.2)
  - SDWebImage/Core (5.15.2)
  - SDWebImageSwiftUI (2.2.2):
    - SDWebImage (~> 5.10)

DEPENDENCIES:
  - SDWebImageSwiftUI

SPEC REPOS:
  trunk:
    - SDWebImage
    - SDWebImageSwiftUI

SPEC CHECKSUMS:
  SDWebImage: 8ab87d4b3e5cc4927bd47f78db6ceb0b94442577
  SDWebImageSwiftUI: 54ded4115b4ac6cd60b78f61415f86d070892d98

PODFILE CHECKSUM: c04337b7b89fb80462179ad7e76237b461daaf4c

COCOAPODS: 1.11.3
