// !$*UTF8*$!
{
	archiveVersion = 1;
	classes = {
	};
	objectVersion = 56;
	objects = {

/* Begin PBXBuildFile section */
		850C7464291E542D0058BB99 /* VieSureDemoApp.swift in Sources */ = {isa = PBXBuildFile; fileRef = 850C7463291E542D0058BB99 /* VieSureDemoApp.swift */; };
		850C7466291E542D0058BB99 /* ArticlesListView.swift in Sources */ = {isa = PBXBuildFile; fileRef = 850C7465291E542D0058BB99 /* ArticlesListView.swift */; };
		850C7468291E542F0058BB99 /* Assets.xcassets in Resources */ = {isa = PBXBuildFile; fileRef = 850C7467291E542F0058BB99 /* Assets.xcassets */; };
		850C746B291E542F0058BB99 /* Preview Assets.xcassets in Resources */ = {isa = PBXBuildFile; fileRef = 850C746A291E542F0058BB99 /* Preview Assets.xcassets */; };
		850C7475291E542F0058BB99 /* VieSureDemoTests.swift in Sources */ = {isa = PBXBuildFile; fileRef = 850C7474291E542F0058BB99 /* VieSureDemoTests.swift */; };
		850C747F291E542F0058BB99 /* VieSureDemoUITests.swift in Sources */ = {isa = PBXBuildFile; fileRef = 850C747E291E542F0058BB99 /* VieSureDemoUITests.swift */; };
		850C7481291E542F0058BB99 /* VieSureDemoUITestsLaunchTests.swift in Sources */ = {isa = PBXBuildFile; fileRef = 850C7480291E542F0058BB99 /* VieSureDemoUITestsLaunchTests.swift */; };
		850C748F292180310058BB99 /* APIModel.swift in Sources */ = {isa = PBXBuildFile; fileRef = 850C748E292180310058BB99 /* APIModel.swift */; };
		850C7491292183830058BB99 /* NetworkManager.swift in Sources */ = {isa = PBXBuildFile; fileRef = 850C7490292183830058BB99 /* NetworkManager.swift */; };
		850C7494292183DC0058BB99 /* TypeAliases.swift in Sources */ = {isa = PBXBuildFile; fileRef = 850C7493292183DC0058BB99 /* TypeAliases.swift */; };
		850C7496292185040058BB99 /* APIClient.swift in Sources */ = {isa = PBXBuildFile; fileRef = 850C7495292185040058BB99 /* APIClient.swift */; };
		850C7498292185A50058BB99 /* VSAPIClient.swift in Sources */ = {isa = PBXBuildFile; fileRef = 850C7497292185A50058BB99 /* VSAPIClient.swift */; };
		850C749A29226DFF0058BB99 /* APIClient+Error.swift in Sources */ = {isa = PBXBuildFile; fileRef = 850C749929226DFF0058BB99 /* APIClient+Error.swift */; };
		850C749D29226E6D0058BB99 /* HTTPStatusCodes.swift in Sources */ = {isa = PBXBuildFile; fileRef = 850C749C29226E6D0058BB99 /* HTTPStatusCodes.swift */; };
		850C749F292275930058BB99 /* APIClient+Parsing.swift in Sources */ = {isa = PBXBuildFile; fileRef = 850C749E292275930058BB99 /* APIClient+Parsing.swift */; };
		850C74A1292275BB0058BB99 /* APIClient+ErrorMapping.swift in Sources */ = {isa = PBXBuildFile; fileRef = 850C74A0292275BB0058BB99 /* APIClient+ErrorMapping.swift */; };
		850C74A52922972D0058BB99 /* VSAPIClient+Parsing.swift in Sources */ = {isa = PBXBuildFile; fileRef = 850C74A42922972D0058BB99 /* VSAPIClient+Parsing.swift */; };
		850C74A82922981E0058BB99 /* VSError.swift in Sources */ = {isa = PBXBuildFile; fileRef = 850C74A72922981E0058BB99 /* VSError.swift */; };
		850C74AA29229B110058BB99 /* VSError+APIError.swift in Sources */ = {isa = PBXBuildFile; fileRef = 850C74A929229B110058BB99 /* VSError+APIError.swift */; };
		850C74AC29229ECD0058BB99 /* UnexpectedCodePath.swift in Sources */ = {isa = PBXBuildFile; fileRef = 850C74AB29229ECD0058BB99 /* UnexpectedCodePath.swift */; };
		85B48645292A41AB0006D3DF /* ArticlesListViewModel.swift in Sources */ = {isa = PBXBuildFile; fileRef = 85B48644292A41AB0006D3DF /* ArticlesListViewModel.swift */; };
		85B4864B292BE1AE0006D3DF /* LocalDataManager.swift in Sources */ = {isa = PBXBuildFile; fileRef = 85B4864A292BE1AE0006D3DF /* LocalDataManager.swift */; };
		85B4864D292CD5030006D3DF /* Article.swift in Sources */ = {isa = PBXBuildFile; fileRef = 85B4864C292CD5030006D3DF /* Article.swift */; };
/* End PBXBuildFile section */

/* Begin PBXContainerItemProxy section */
		850C7471291E542F0058BB99 /* PBXContainerItemProxy */ = {
			isa = PBXContainerItemProxy;
			containerPortal = 850C7458291E542D0058BB99 /* Project object */;
			proxyType = 1;
			remoteGlobalIDString = 850C745F291E542D0058BB99;
			remoteInfo = VieSureDemo;
		};
		850C747B291E542F0058BB99 /* PBXContainerItemProxy */ = {
			isa = PBXContainerItemProxy;
			containerPortal = 850C7458291E542D0058BB99 /* Project object */;
			proxyType = 1;
			remoteGlobalIDString = 850C745F291E542D0058BB99;
			remoteInfo = VieSureDemo;
		};
/* End PBXContainerItemProxy section */

/* Begin PBXFileReference section */
		850C7460291E542D0058BB99 /* VieSureDemo.app */ = {isa = PBXFileReference; explicitFileType = wrapper.application; includeInIndex = 0; path = VieSureDemo.app; sourceTree = BUILT_PRODUCTS_DIR; };
		850C7463291E542D0058BB99 /* VieSureDemoApp.swift */ = {isa = PBXFileReference; lastKnownFileType = sourcecode.swift; path = VieSureDemoApp.swift; sourceTree = "<group>"; };
		850C7465291E542D0058BB99 /* ArticlesListView.swift */ = {isa = PBXFileReference; lastKnownFileType = sourcecode.swift; path = ArticlesListView.swift; sourceTree = "<group>"; };
		850C7467291E542F0058BB99 /* Assets.xcassets */ = {isa = PBXFileReference; lastKnownFileType = folder.assetcatalog; path = Assets.xcassets; sourceTree = "<group>"; };
		850C746A291E542F0058BB99 /* Preview Assets.xcassets */ = {isa = PBXFileReference; lastKnownFileType = folder.assetcatalog; path = "Preview Assets.xcassets"; sourceTree = "<group>"; };
		850C7470291E542F0058BB99 /* VieSureDemoTests.xctest */ = {isa = PBXFileReference; explicitFileType = wrapper.cfbundle; includeInIndex = 0; path = VieSureDemoTests.xctest; sourceTree = BUILT_PRODUCTS_DIR; };
		850C7474291E542F0058BB99 /* VieSureDemoTests.swift */ = {isa = PBXFileReference; lastKnownFileType = sourcecode.swift; path = VieSureDemoTests.swift; sourceTree = "<group>"; };
		850C747A291E542F0058BB99 /* VieSureDemoUITests.xctest */ = {isa = PBXFileReference; explicitFileType = wrapper.cfbundle; includeInIndex = 0; path = VieSureDemoUITests.xctest; sourceTree = BUILT_PRODUCTS_DIR; };
		850C747E291E542F0058BB99 /* VieSureDemoUITests.swift */ = {isa = PBXFileReference; lastKnownFileType = sourcecode.swift; path = VieSureDemoUITests.swift; sourceTree = "<group>"; };
		850C7480291E542F0058BB99 /* VieSureDemoUITestsLaunchTests.swift */ = {isa = PBXFileReference; lastKnownFileType = sourcecode.swift; path = VieSureDemoUITestsLaunchTests.swift; sourceTree = "<group>"; };
		850C748E292180310058BB99 /* APIModel.swift */ = {isa = PBXFileReference; lastKnownFileType = sourcecode.swift; path = APIModel.swift; sourceTree = "<group>"; };
		850C7490292183830058BB99 /* NetworkManager.swift */ = {isa = PBXFileReference; lastKnownFileType = sourcecode.swift; path = NetworkManager.swift; sourceTree = "<group>"; };
		850C7493292183DC0058BB99 /* TypeAliases.swift */ = {isa = PBXFileReference; lastKnownFileType = sourcecode.swift; path = TypeAliases.swift; sourceTree = "<group>"; };
		850C7495292185040058BB99 /* APIClient.swift */ = {isa = PBXFileReference; lastKnownFileType = sourcecode.swift; path = APIClient.swift; sourceTree = "<group>"; };
		850C7497292185A50058BB99 /* VSAPIClient.swift */ = {isa = PBXFileReference; lastKnownFileType = sourcecode.swift; path = VSAPIClient.swift; sourceTree = "<group>"; };
		850C749929226DFF0058BB99 /* APIClient+Error.swift */ = {isa = PBXFileReference; lastKnownFileType = sourcecode.swift; path = "APIClient+Error.swift"; sourceTree = "<group>"; };
		850C749C29226E6D0058BB99 /* HTTPStatusCodes.swift */ = {isa = PBXFileReference; lastKnownFileType = sourcecode.swift; path = HTTPStatusCodes.swift; sourceTree = "<group>"; };
		850C749E292275930058BB99 /* APIClient+Parsing.swift */ = {isa = PBXFileReference; lastKnownFileType = sourcecode.swift; path = "APIClient+Parsing.swift"; sourceTree = "<group>"; };
		850C74A0292275BB0058BB99 /* APIClient+ErrorMapping.swift */ = {isa = PBXFileReference; lastKnownFileType = sourcecode.swift; path = "APIClient+ErrorMapping.swift"; sourceTree = "<group>"; };
		850C74A42922972D0058BB99 /* VSAPIClient+Parsing.swift */ = {isa = PBXFileReference; lastKnownFileType = sourcecode.swift; path = "VSAPIClient+Parsing.swift"; sourceTree = "<group>"; };
		850C74A72922981E0058BB99 /* VSError.swift */ = {isa = PBXFileReference; lastKnownFileType = sourcecode.swift; path = VSError.swift; sourceTree = "<group>"; };
		850C74A929229B110058BB99 /* VSError+APIError.swift */ = {isa = PBXFileReference; lastKnownFileType = sourcecode.swift; path = "VSError+APIError.swift"; sourceTree = "<group>"; };
		850C74AB29229ECD0058BB99 /* UnexpectedCodePath.swift */ = {isa = PBXFileReference; lastKnownFileType = sourcecode.swift; path = UnexpectedCodePath.swift; sourceTree = "<group>"; };
		85B48644292A41AB0006D3DF /* ArticlesListViewModel.swift */ = {isa = PBXFileReference; lastKnownFileType = sourcecode.swift; path = ArticlesListViewModel.swift; sourceTree = "<group>"; };
		85B48648292BC3590006D3DF /* Info.plist */ = {isa = PBXFileReference; lastKnownFileType = text.plist; path = Info.plist; sourceTree = "<group>"; };
		85B4864A292BE1AE0006D3DF /* LocalDataManager.swift */ = {isa = PBXFileReference; lastKnownFileType = sourcecode.swift; path = LocalDataManager.swift; sourceTree = "<group>"; };
		85B4864C292CD5030006D3DF /* Article.swift */ = {isa = PBXFileReference; lastKnownFileType = sourcecode.swift; path = Article.swift; sourceTree = "<group>"; };
/* End PBXFileReference section */

/* Begin PBXFrameworksBuildPhase section */
		850C745D291E542D0058BB99 /* Frameworks */ = {
			isa = PBXFrameworksBuildPhase;
			buildActionMask = 2147483647;
			files = (
			);
			runOnlyForDeploymentPostprocessing = 0;
		};
		850C746D291E542F0058BB99 /* Frameworks */ = {
			isa = PBXFrameworksBuildPhase;
			buildActionMask = 2147483647;
			files = (
			);
			runOnlyForDeploymentPostprocessing = 0;
		};
		850C7477291E542F0058BB99 /* Frameworks */ = {
			isa = PBXFrameworksBuildPhase;
			buildActionMask = 2147483647;
			files = (
			);
			runOnlyForDeploymentPostprocessing = 0;
		};
/* End PBXFrameworksBuildPhase section */

/* Begin PBXGroup section */
		850C7457291E542D0058BB99 = {
			isa = PBXGroup;
			children = (
				850C7462291E542D0058BB99 /* VieSureDemo */,
				850C7473291E542F0058BB99 /* VieSureDemoTests */,
				850C747D291E542F0058BB99 /* VieSureDemoUITests */,
				850C7461291E542D0058BB99 /* Products */,
			);
			sourceTree = "<group>";
		};
		850C7461291E542D0058BB99 /* Products */ = {
			isa = PBXGroup;
			children = (
				850C7460291E542D0058BB99 /* VieSureDemo.app */,
				850C7470291E542F0058BB99 /* VieSureDemoTests.xctest */,
				850C747A291E542F0058BB99 /* VieSureDemoUITests.xctest */,
			);
			name = Products;
			sourceTree = "<group>";
		};
		850C7462291E542D0058BB99 /* VieSureDemo */ = {
			isa = PBXGroup;
			children = (
				85B48648292BC3590006D3DF /* Info.plist */,
				85B48643292A41990006D3DF /* View */,
				850C74A62922980E0058BB99 /* Error Handling */,
				850C7492292183C70058BB99 /* Utility */,
				850C748D291EDB440058BB99 /* Network Layer */,
				85B48649292BE0680006D3DF /* Local Data Layer */,
				850C7463291E542D0058BB99 /* VieSureDemoApp.swift */,
				850C7467291E542F0058BB99 /* Assets.xcassets */,
				850C7469291E542F0058BB99 /* Preview Content */,
			);
			path = VieSureDemo;
			sourceTree = "<group>";
		};
		850C7469291E542F0058BB99 /* Preview Content */ = {
			isa = PBXGroup;
			children = (
				850C746A291E542F0058BB99 /* Preview Assets.xcassets */,
			);
			path = "Preview Content";
			sourceTree = "<group>";
		};
		850C7473291E542F0058BB99 /* VieSureDemoTests */ = {
			isa = PBXGroup;
			children = (
				850C7474291E542F0058BB99 /* VieSureDemoTests.swift */,
			);
			path = VieSureDemoTests;
			sourceTree = "<group>";
		};
		850C747D291E542F0058BB99 /* VieSureDemoUITests */ = {
			isa = PBXGroup;
			children = (
				850C747E291E542F0058BB99 /* VieSureDemoUITests.swift */,
				850C7480291E542F0058BB99 /* VieSureDemoUITestsLaunchTests.swift */,
			);
			path = VieSureDemoUITests;
			sourceTree = "<group>";
		};
		850C748D291EDB440058BB99 /* Network Layer */ = {
			isa = PBXGroup;
			children = (
				850C749B29226E5D0058BB99 /* Definitions */,
				850C74A22922806E0058BB99 /* Base APIClient */,
				850C74A3292297080058BB99 /* VSAPIClient */,
				850C748E292180310058BB99 /* APIModel.swift */,
				850C7490292183830058BB99 /* NetworkManager.swift */,
			);
			path = "Network Layer";
			sourceTree = "<group>";
		};
		850C7492292183C70058BB99 /* Utility */ = {
			isa = PBXGroup;
			children = (
				850C7493292183DC0058BB99 /* TypeAliases.swift */,
				850C74AB29229ECD0058BB99 /* UnexpectedCodePath.swift */,
			);
			path = Utility;
			sourceTree = "<group>";
		};
		850C749B29226E5D0058BB99 /* Definitions */ = {
			isa = PBXGroup;
			children = (
				850C749C29226E6D0058BB99 /* HTTPStatusCodes.swift */,
			);
			path = Definitions;
			sourceTree = "<group>";
		};
		850C74A22922806E0058BB99 /* Base APIClient */ = {
			isa = PBXGroup;
			children = (
				850C7495292185040058BB99 /* APIClient.swift */,
				850C749929226DFF0058BB99 /* APIClient+Error.swift */,
				850C749E292275930058BB99 /* APIClient+Parsing.swift */,
				850C74A0292275BB0058BB99 /* APIClient+ErrorMapping.swift */,
			);
			path = "Base APIClient";
			sourceTree = "<group>";
		};
		850C74A3292297080058BB99 /* VSAPIClient */ = {
			isa = PBXGroup;
			children = (
				850C7497292185A50058BB99 /* VSAPIClient.swift */,
				850C74A42922972D0058BB99 /* VSAPIClient+Parsing.swift */,
			);
			path = VSAPIClient;
			sourceTree = "<group>";
		};
		850C74A62922980E0058BB99 /* Error Handling */ = {
			isa = PBXGroup;
			children = (
				850C74A72922981E0058BB99 /* VSError.swift */,
				850C74A929229B110058BB99 /* VSError+APIError.swift */,
			);
			path = "Error Handling";
			sourceTree = "<group>";
		};
		85B48643292A41990006D3DF /* View */ = {
			isa = PBXGroup;
			children = (
				850C7465291E542D0058BB99 /* ArticlesListView.swift */,
				85B48644292A41AB0006D3DF /* ArticlesListViewModel.swift */,
			);
			path = View;
			sourceTree = "<group>";
		};
		85B48649292BE0680006D3DF /* Local Data Layer */ = {
			isa = PBXGroup;
			children = (
				85B4864A292BE1AE0006D3DF /* LocalDataManager.swift */,
				85B4864C292CD5030006D3DF /* Article.swift */,
			);
			path = "Local Data Layer";
			sourceTree = "<group>";
		};
/* End PBXGroup section */

/* Begin PBXNativeTarget section */
		850C745F291E542D0058BB99 /* VieSureDemo */ = {
			isa = PBXNativeTarget;
			buildConfigurationList = 850C7484291E542F0058BB99 /* Build configuration list for PBXNativeTarget "VieSureDemo" */;
			buildPhases = (
				850C745C291E542D0058BB99 /* Sources */,
				850C745D291E542D0058BB99 /* Frameworks */,
				850C745E291E542D0058BB99 /* Resources */,
			);
			buildRules = (
			);
			dependencies = (
			);
			name = VieSureDemo;
			productName = VieSureDemo;
			productReference = 850C7460291E542D0058BB99 /* VieSureDemo.app */;
			productType = "com.apple.product-type.application";
		};
		850C746F291E542F0058BB99 /* VieSureDemoTests */ = {
			isa = PBXNativeTarget;
			buildConfigurationList = 850C7487291E542F0058BB99 /* Build configuration list for PBXNativeTarget "VieSureDemoTests" */;
			buildPhases = (
				850C746C291E542F0058BB99 /* Sources */,
				850C746D291E542F0058BB99 /* Frameworks */,
				850C746E291E542F0058BB99 /* Resources */,
			);
			buildRules = (
			);
			dependencies = (
				850C7472291E542F0058BB99 /* PBXTargetDependency */,
			);
			name = VieSureDemoTests;
			productName = VieSureDemoTests;
			productReference = 850C7470291E542F0058BB99 /* VieSureDemoTests.xctest */;
			productType = "com.apple.product-type.bundle.unit-test";
		};
		850C7479291E542F0058BB99 /* VieSureDemoUITests */ = {
			isa = PBXNativeTarget;
			buildConfigurationList = 850C748A291E542F0058BB99 /* Build configuration list for PBXNativeTarget "VieSureDemoUITests" */;
			buildPhases = (
				850C7476291E542F0058BB99 /* Sources */,
				850C7477291E542F0058BB99 /* Frameworks */,
				850C7478291E542F0058BB99 /* Resources */,
			);
			buildRules = (
			);
			dependencies = (
				850C747C291E542F0058BB99 /* PBXTargetDependency */,
			);
			name = VieSureDemoUITests;
			productName = VieSureDemoUITests;
			productReference = 850C747A291E542F0058BB99 /* VieSureDemoUITests.xctest */;
			productType = "com.apple.product-type.bundle.ui-testing";
		};
/* End PBXNativeTarget section */

/* Begin PBXProject section */
		850C7458291E542D0058BB99 /* Project object */ = {
			isa = PBXProject;
			attributes = {
				BuildIndependentTargetsInParallel = 1;
				LastSwiftUpdateCheck = 1400;
				LastUpgradeCheck = 1400;
				TargetAttributes = {
					850C745F291E542D0058BB99 = {
						CreatedOnToolsVersion = 14.0.1;
					};
					850C746F291E542F0058BB99 = {
						CreatedOnToolsVersion = 14.0.1;
						TestTargetID = 850C745F291E542D0058BB99;
					};
					850C7479291E542F0058BB99 = {
						CreatedOnToolsVersion = 14.0.1;
						TestTargetID = 850C745F291E542D0058BB99;
					};
				};
			};
			buildConfigurationList = 850C745B291E542D0058BB99 /* Build configuration list for PBXProject "VieSureDemo" */;
			compatibilityVersion = "Xcode 14.0";
			developmentRegion = en;
			hasScannedForEncodings = 0;
			knownRegions = (
				en,
				Base,
			);
			mainGroup = 850C7457291E542D0058BB99;
			productRefGroup = 850C7461291E542D0058BB99 /* Products */;
			projectDirPath = "";
			projectRoot = "";
			targets = (
				850C745F291E542D0058BB99 /* VieSureDemo */,
				850C746F291E542F0058BB99 /* VieSureDemoTests */,
				850C7479291E542F0058BB99 /* VieSureDemoUITests */,
			);
		};
/* End PBXProject section */

/* Begin PBXResourcesBuildPhase section */
		850C745E291E542D0058BB99 /* Resources */ = {
			isa = PBXResourcesBuildPhase;
			buildActionMask = 2147483647;
			files = (
				850C746B291E542F0058BB99 /* Preview Assets.xcassets in Resources */,
				850C7468291E542F0058BB99 /* Assets.xcassets in Resources */,
			);
			runOnlyForDeploymentPostprocessing = 0;
		};
		850C746E291E542F0058BB99 /* Resources */ = {
			isa = PBXResourcesBuildPhase;
			buildActionMask = 2147483647;
			files = (
			);
			runOnlyForDeploymentPostprocessing = 0;
		};
		850C7478291E542F0058BB99 /* Resources */ = {
			isa = PBXResourcesBuildPhase;
			buildActionMask = 2147483647;
			files = (
			);
			runOnlyForDeploymentPostprocessing = 0;
		};
/* End PBXResourcesBuildPhase section */

/* Begin PBXSourcesBuildPhase section */
		850C745C291E542D0058BB99 /* Sources */ = {
			isa = PBXSourcesBuildPhase;
			buildActionMask = 2147483647;
			files = (
				850C7491292183830058BB99 /* NetworkManager.swift in Sources */,
				850C74AC29229ECD0058BB99 /* UnexpectedCodePath.swift in Sources */,
				85B4864D292CD5030006D3DF /* Article.swift in Sources */,
				850C74AA29229B110058BB99 /* VSError+APIError.swift in Sources */,
				850C7466291E542D0058BB99 /* ArticlesListView.swift in Sources */,
				850C748F292180310058BB99 /* APIModel.swift in Sources */,
				85B48645292A41AB0006D3DF /* ArticlesListViewModel.swift in Sources */,
				850C7498292185A50058BB99 /* VSAPIClient.swift in Sources */,
				850C7494292183DC0058BB99 /* TypeAliases.swift in Sources */,
				850C74A52922972D0058BB99 /* VSAPIClient+Parsing.swift in Sources */,
				850C7464291E542D0058BB99 /* VieSureDemoApp.swift in Sources */,
				850C74A82922981E0058BB99 /* VSError.swift in Sources */,
				850C749F292275930058BB99 /* APIClient+Parsing.swift in Sources */,
				850C749A29226DFF0058BB99 /* APIClient+Error.swift in Sources */,
				85B4864B292BE1AE0006D3DF /* LocalDataManager.swift in Sources */,
				850C749D29226E6D0058BB99 /* HTTPStatusCodes.swift in Sources */,
				850C7496292185040058BB99 /* APIClient.swift in Sources */,
				850C74A1292275BB0058BB99 /* APIClient+ErrorMapping.swift in Sources */,
			);
			runOnlyForDeploymentPostprocessing = 0;
		};
		850C746C291E542F0058BB99 /* Sources */ = {
			isa = PBXSourcesBuildPhase;
			buildActionMask = 2147483647;
			files = (
				850C7475291E542F0058BB99 /* VieSureDemoTests.swift in Sources */,
			);
			runOnlyForDeploymentPostprocessing = 0;
		};
		850C7476291E542F0058BB99 /* Sources */ = {
			isa = PBXSourcesBuildPhase;
			buildActionMask = 2147483647;
			files = (
				850C747F291E542F0058BB99 /* VieSureDemoUITests.swift in Sources */,
				850C7481291E542F0058BB99 /* VieSureDemoUITestsLaunchTests.swift in Sources */,
			);
			runOnlyForDeploymentPostprocessing = 0;
		};
/* End PBXSourcesBuildPhase section */

/* Begin PBXTargetDependency section */
		850C7472291E542F0058BB99 /* PBXTargetDependency */ = {
			isa = PBXTargetDependency;
			target = 850C745F291E542D0058BB99 /* VieSureDemo */;
			targetProxy = 850C7471291E542F0058BB99 /* PBXContainerItemProxy */;
		};
		850C747C291E542F0058BB99 /* PBXTargetDependency */ = {
			isa = PBXTargetDependency;
			target = 850C745F291E542D0058BB99 /* VieSureDemo */;
			targetProxy = 850C747B291E542F0058BB99 /* PBXContainerItemProxy */;
		};
/* End PBXTargetDependency section */

/* Begin XCBuildConfiguration section */
		850C7482291E542F0058BB99 /* Debug */ = {
			isa = XCBuildConfiguration;
			buildSettings = {
				ALWAYS_SEARCH_USER_PATHS = NO;
				CLANG_ANALYZER_NONNULL = YES;
				CLANG_ANALYZER_NUMBER_OBJECT_CONVERSION = YES_AGGRESSIVE;
				CLANG_CXX_LANGUAGE_STANDARD = "gnu++20";
				CLANG_ENABLE_MODULES = YES;
				CLANG_ENABLE_OBJC_ARC = YES;
				CLANG_ENABLE_OBJC_WEAK = YES;
				CLANG_WARN_BLOCK_CAPTURE_AUTORELEASING = YES;
				CLANG_WARN_BOOL_CONVERSION = YES;
				CLANG_WARN_COMMA = YES;
				CLANG_WARN_CONSTANT_CONVERSION = YES;
				CLANG_WARN_DEPRECATED_OBJC_IMPLEMENTATIONS = YES;
				CLANG_WARN_DIRECT_OBJC_ISA_USAGE = YES_ERROR;
				CLANG_WARN_DOCUMENTATION_COMMENTS = YES;
				CLANG_WARN_EMPTY_BODY = YES;
				CLANG_WARN_ENUM_CONVERSION = YES;
				CLANG_WARN_INFINITE_RECURSION = YES;
				CLANG_WARN_INT_CONVERSION = YES;
				CLANG_WARN_NON_LITERAL_NULL_CONVERSION = YES;
				CLANG_WARN_OBJC_IMPLICIT_RETAIN_SELF = YES;
				CLANG_WARN_OBJC_LITERAL_CONVERSION = YES;
				CLANG_WARN_OBJC_ROOT_CLASS = YES_ERROR;
				CLANG_WARN_QUOTED_INCLUDE_IN_FRAMEWORK_HEADER = YES;
				CLANG_WARN_RANGE_LOOP_ANALYSIS = YES;
				CLANG_WARN_STRICT_PROTOTYPES = YES;
				CLANG_WARN_SUSPICIOUS_MOVE = YES;
				CLANG_WARN_UNGUARDED_AVAILABILITY = YES_AGGRESSIVE;
				CLANG_WARN_UNREACHABLE_CODE = YES;
				CLANG_WARN__DUPLICATE_METHOD_MATCH = YES;
				COPY_PHASE_STRIP = NO;
				DEBUG_INFORMATION_FORMAT = dwarf;
				ENABLE_STRICT_OBJC_MSGSEND = YES;
				ENABLE_TESTABILITY = YES;
				GCC_C_LANGUAGE_STANDARD = gnu11;
				GCC_DYNAMIC_NO_PIC = NO;
				GCC_NO_COMMON_BLOCKS = YES;
				GCC_OPTIMIZATION_LEVEL = 0;
				GCC_PREPROCESSOR_DEFINITIONS = (
					"DEBUG=1",
					"$(inherited)",
				);
				GCC_WARN_64_TO_32_BIT_CONVERSION = YES;
				GCC_WARN_ABOUT_RETURN_TYPE = YES_ERROR;
				GCC_WARN_UNDECLARED_SELECTOR = YES;
				GCC_WARN_UNINITIALIZED_AUTOS = YES_AGGRESSIVE;
				GCC_WARN_UNUSED_FUNCTION = YES;
				GCC_WARN_UNUSED_VARIABLE = YES;
				IPHONEOS_DEPLOYMENT_TARGET = 16.0;
				MTL_ENABLE_DEBUG_INFO = INCLUDE_SOURCE;
				MTL_FAST_MATH = YES;
				ONLY_ACTIVE_ARCH = YES;
				SDKROOT = iphoneos;
				SWIFT_ACTIVE_COMPILATION_CONDITIONS = DEBUG;
				SWIFT_OPTIMIZATION_LEVEL = "-Onone";
			};
			name = Debug;
		};
		850C7483291E542F0058BB99 /* Release */ = {
			isa = XCBuildConfiguration;
			buildSettings = {
				ALWAYS_SEARCH_USER_PATHS = NO;
				CLANG_ANALYZER_NONNULL = YES;
				CLANG_ANALYZER_NUMBER_OBJECT_CONVERSION = YES_AGGRESSIVE;
				CLANG_CXX_LANGUAGE_STANDARD = "gnu++20";
				CLANG_ENABLE_MODULES = YES;
				CLANG_ENABLE_OBJC_ARC = YES;
				CLANG_ENABLE_OBJC_WEAK = YES;
				CLANG_WARN_BLOCK_CAPTURE_AUTORELEASING = YES;
				CLANG_WARN_BOOL_CONVERSION = YES;
				CLANG_WARN_COMMA = YES;
				CLANG_WARN_CONSTANT_CONVERSION = YES;
				CLANG_WARN_DEPRECATED_OBJC_IMPLEMENTATIONS = YES;
				CLANG_WARN_DIRECT_OBJC_ISA_USAGE = YES_ERROR;
				CLANG_WARN_DOCUMENTATION_COMMENTS = YES;
				CLANG_WARN_EMPTY_BODY = YES;
				CLANG_WARN_ENUM_CONVERSION = YES;
				CLANG_WARN_INFINITE_RECURSION = YES;
				CLANG_WARN_INT_CONVERSION = YES;
				CLANG_WARN_NON_LITERAL_NULL_CONVERSION = YES;
				CLANG_WARN_OBJC_IMPLICIT_RETAIN_SELF = YES;
				CLANG_WARN_OBJC_LITERAL_CONVERSION = YES;
				CLANG_WARN_OBJC_ROOT_CLASS = YES_ERROR;
				CLANG_WARN_QUOTED_INCLUDE_IN_FRAMEWORK_HEADER = YES;
				CLANG_WARN_RANGE_LOOP_ANALYSIS = YES;
				CLANG_WARN_STRICT_PROTOTYPES = YES;
				CLANG_WARN_SUSPICIOUS_MOVE = YES;
				CLANG_WARN_UNGUARDED_AVAILABILITY = YES_AGGRESSIVE;
				CLANG_WARN_UNREACHABLE_CODE = YES;
				CLANG_WARN__DUPLICATE_METHOD_MATCH = YES;
				COPY_PHASE_STRIP = NO;
				DEBUG_INFORMATION_FORMAT = "dwarf-with-dsym";
				ENABLE_NS_ASSERTIONS = NO;
				ENABLE_STRICT_OBJC_MSGSEND = YES;
				GCC_C_LANGUAGE_STANDARD = gnu11;
				GCC_NO_COMMON_BLOCKS = YES;
				GCC_WARN_64_TO_32_BIT_CONVERSION = YES;
				GCC_WARN_ABOUT_RETURN_TYPE = YES_ERROR;
				GCC_WARN_UNDECLARED_SELECTOR = YES;
				GCC_WARN_UNINITIALIZED_AUTOS = YES_AGGRESSIVE;
				GCC_WARN_UNUSED_FUNCTION = YES;
				GCC_WARN_UNUSED_VARIABLE = YES;
				IPHONEOS_DEPLOYMENT_TARGET = 16.0;
				MTL_ENABLE_DEBUG_INFO = NO;
				MTL_FAST_MATH = YES;
				SDKROOT = iphoneos;
				SWIFT_COMPILATION_MODE = wholemodule;
				SWIFT_OPTIMIZATION_LEVEL = "-O";
				VALIDATE_PRODUCT = YES;
			};
			name = Release;
		};
		850C7485291E542F0058BB99 /* Debug */ = {
			isa = XCBuildConfiguration;
			buildSettings = {
				ASSETCATALOG_COMPILER_APPICON_NAME = AppIcon;
				ASSETCATALOG_COMPILER_GLOBAL_ACCENT_COLOR_NAME = AccentColor;
				CODE_SIGN_STYLE = Automatic;
				CURRENT_PROJECT_VERSION = 1;
				DEVELOPMENT_ASSET_PATHS = "\"VieSureDemo/Preview Content\"";
				DEVELOPMENT_TEAM = 6VB98JTGYY;
				ENABLE_PREVIEWS = YES;
				GENERATE_INFOPLIST_FILE = YES;
				INFOPLIST_FILE = VieSureDemo/Info.plist;
				INFOPLIST_KEY_UIApplicationSceneManifest_Generation = YES;
				INFOPLIST_KEY_UIApplicationSupportsIndirectInputEvents = YES;
				INFOPLIST_KEY_UILaunchScreen_Generation = YES;
				INFOPLIST_KEY_UISupportedInterfaceOrientations_iPad = "UIInterfaceOrientationPortrait UIInterfaceOrientationPortraitUpsideDown UIInterfaceOrientationLandscapeLeft UIInterfaceOrientationLandscapeRight";
				INFOPLIST_KEY_UISupportedInterfaceOrientations_iPhone = "UIInterfaceOrientationPortrait UIInterfaceOrientationLandscapeLeft UIInterfaceOrientationLandscapeRight";
				LD_RUNPATH_SEARCH_PATHS = (
					"$(inherited)",
					"@executable_path/Frameworks",
				);
				MARKETING_VERSION = 1.0;
				PRODUCT_BUNDLE_IDENTIFIER = com.kimovstanislav.VieSureDemo;
				PRODUCT_NAME = "$(TARGET_NAME)";
				SWIFT_EMIT_LOC_STRINGS = YES;
				SWIFT_VERSION = 5.0;
				TARGETED_DEVICE_FAMILY = "1,2";
			};
			name = Debug;
		};
		850C7486291E542F0058BB99 /* Release */ = {
			isa = XCBuildConfiguration;
			buildSettings = {
				ASSETCATALOG_COMPILER_APPICON_NAME = AppIcon;
				ASSETCATALOG_COMPILER_GLOBAL_ACCENT_COLOR_NAME = AccentColor;
				CODE_SIGN_STYLE = Automatic;
				CURRENT_PROJECT_VERSION = 1;
				DEVELOPMENT_ASSET_PATHS = "\"VieSureDemo/Preview Content\"";
				DEVELOPMENT_TEAM = 6VB98JTGYY;
				ENABLE_PREVIEWS = YES;
				GENERATE_INFOPLIST_FILE = YES;
				INFOPLIST_FILE = VieSureDemo/Info.plist;
				INFOPLIST_KEY_UIApplicationSceneManifest_Generation = YES;
				INFOPLIST_KEY_UIApplicationSupportsIndirectInputEvents = YES;
				INFOPLIST_KEY_UILaunchScreen_Generation = YES;
				INFOPLIST_KEY_UISupportedInterfaceOrientations_iPad = "UIInterfaceOrientationPortrait UIInterfaceOrientationPortraitUpsideDown UIInterfaceOrientationLandscapeLeft UIInterfaceOrientationLandscapeRight";
				INFOPLIST_KEY_UISupportedInterfaceOrientations_iPhone = "UIInterfaceOrientationPortrait UIInterfaceOrientationLandscapeLeft UIInterfaceOrientationLandscapeRight";
				LD_RUNPATH_SEARCH_PATHS = (
					"$(inherited)",
					"@executable_path/Frameworks",
				);
				MARKETING_VERSION = 1.0;
				PRODUCT_BUNDLE_IDENTIFIER = com.kimovstanislav.VieSureDemo;
				PRODUCT_NAME = "$(TARGET_NAME)";
				SWIFT_EMIT_LOC_STRINGS = YES;
				SWIFT_VERSION = 5.0;
				TARGETED_DEVICE_FAMILY = "1,2";
			};
			name = Release;
		};
		850C7488291E542F0058BB99 /* Debug */ = {
			isa = XCBuildConfiguration;
			buildSettings = {
				ALWAYS_EMBED_SWIFT_STANDARD_LIBRARIES = YES;
				BUNDLE_LOADER = "$(TEST_HOST)";
				CODE_SIGN_STYLE = Automatic;
				CURRENT_PROJECT_VERSION = 1;
				DEVELOPMENT_TEAM = 6VB98JTGYY;
				GENERATE_INFOPLIST_FILE = YES;
				IPHONEOS_DEPLOYMENT_TARGET = 16.0;
				MARKETING_VERSION = 1.0;
				PRODUCT_BUNDLE_IDENTIFIER = com.kimovstanislav.VieSureDemoTests;
				PRODUCT_NAME = "$(TARGET_NAME)";
				SWIFT_EMIT_LOC_STRINGS = NO;
				SWIFT_VERSION = 5.0;
				TARGETED_DEVICE_FAMILY = "1,2";
				TEST_HOST = "$(BUILT_PRODUCTS_DIR)/VieSureDemo.app/$(BUNDLE_EXECUTABLE_FOLDER_PATH)/VieSureDemo";
			};
			name = Debug;
		};
		850C7489291E542F0058BB99 /* Release */ = {
			isa = XCBuildConfiguration;
			buildSettings = {
				ALWAYS_EMBED_SWIFT_STANDARD_LIBRARIES = YES;
				BUNDLE_LOADER = "$(TEST_HOST)";
				CODE_SIGN_STYLE = Automatic;
				CURRENT_PROJECT_VERSION = 1;
				DEVELOPMENT_TEAM = 6VB98JTGYY;
				GENERATE_INFOPLIST_FILE = YES;
				IPHONEOS_DEPLOYMENT_TARGET = 16.0;
				MARKETING_VERSION = 1.0;
				PRODUCT_BUNDLE_IDENTIFIER = com.kimovstanislav.VieSureDemoTests;
				PRODUCT_NAME = "$(TARGET_NAME)";
				SWIFT_EMIT_LOC_STRINGS = NO;
				SWIFT_VERSION = 5.0;
				TARGETED_DEVICE_FAMILY = "1,2";
				TEST_HOST = "$(BUILT_PRODUCTS_DIR)/VieSureDemo.app/$(BUNDLE_EXECUTABLE_FOLDER_PATH)/VieSureDemo";
			};
			name = Release;
		};
		850C748B291E542F0058BB99 /* Debug */ = {
			isa = XCBuildConfiguration;
			buildSettings = {
				ALWAYS_EMBED_SWIFT_STANDARD_LIBRARIES = YES;
				CODE_SIGN_STYLE = Automatic;
				CURRENT_PROJECT_VERSION = 1;
				DEVELOPMENT_TEAM = 6VB98JTGYY;
				GENERATE_INFOPLIST_FILE = YES;
				MARKETING_VERSION = 1.0;
				PRODUCT_BUNDLE_IDENTIFIER = com.kimovstanislav.VieSureDemoUITests;
				PRODUCT_NAME = "$(TARGET_NAME)";
				SWIFT_EMIT_LOC_STRINGS = NO;
				SWIFT_VERSION = 5.0;
				TARGETED_DEVICE_FAMILY = "1,2";
				TEST_TARGET_NAME = VieSureDemo;
			};
			name = Debug;
		};
		850C748C291E542F0058BB99 /* Release */ = {
			isa = XCBuildConfiguration;
			buildSettings = {
				ALWAYS_EMBED_SWIFT_STANDARD_LIBRARIES = YES;
				CODE_SIGN_STYLE = Automatic;
				CURRENT_PROJECT_VERSION = 1;
				DEVELOPMENT_TEAM = 6VB98JTGYY;
				GENERATE_INFOPLIST_FILE = YES;
				MARKETING_VERSION = 1.0;
				PRODUCT_BUNDLE_IDENTIFIER = com.kimovstanislav.VieSureDemoUITests;
				PRODUCT_NAME = "$(TARGET_NAME)";
				SWIFT_EMIT_LOC_STRINGS = NO;
				SWIFT_VERSION = 5.0;
				TARGETED_DEVICE_FAMILY = "1,2";
				TEST_TARGET_NAME = VieSureDemo;
			};
			name = Release;
		};
/* End XCBuildConfiguration section */

/* Begin XCConfigurationList section */
		850C745B291E542D0058BB99 /* Build configuration list for PBXProject "VieSureDemo" */ = {
			isa = XCConfigurationList;
			buildConfigurations = (
				850C7482291E542F0058BB99 /* Debug */,
				850C7483291E542F0058BB99 /* Release */,
			);
			defaultConfigurationIsVisible = 0;
			defaultConfigurationName = Release;
		};
		850C7484291E542F0058BB99 /* Build configuration list for PBXNativeTarget "VieSureDemo" */ = {
			isa = XCConfigurationList;
			buildConfigurations = (
				850C7485291E542F0058BB99 /* Debug */,
				850C7486291E542F0058BB99 /* Release */,
			);
			defaultConfigurationIsVisible = 0;
			defaultConfigurationName = Release;
		};
		850C7487291E542F0058BB99 /* Build configuration list for PBXNativeTarget "VieSureDemoTests" */ = {
			isa = XCConfigurationList;
			buildConfigurations = (
				850C7488291E542F0058BB99 /* Debug */,
				850C7489291E542F0058BB99 /* Release */,
			);
			defaultConfigurationIsVisible = 0;
			defaultConfigurationName = Release;
		};
		850C748A291E542F0058BB99 /* Build configuration list for PBXNativeTarget "VieSureDemoUITests" */ = {
			isa = XCConfigurationList;
			buildConfigurations = (
				850C748B291E542F0058BB99 /* Debug */,
				850C748C291E542F0058BB99 /* Release */,
			);
			defaultConfigurationIsVisible = 0;
			defaultConfigurationName = Release;
		};
/* End XCConfigurationList section */
	};
	rootObject = 850C7458291E542D0058BB99 /* Project object */;
}
